
Microsoft Visual Studio Solution File, Format Version 12.00
# Visual Studio Version 17
VisualStudioVersion = 17.6.33815.320
MinimumVisualStudioVersion = 10.0.40219.1
Project("{9A19103F-16F7-4668-BE54-9A1E7A4F7556}") = "Lesson17", "Lesson17\Lesson17.csproj", "{159272AE-A12C-4BDC-BE48-4BF05BC70412}"
EndProject
Project("{9A19103F-16F7-4668-BE54-9A1E7A4F7556}") = "ConsoleApp1", "ConsoleApp1\ConsoleApp1.csproj", "{5B033F4E-4C40-4023-A18B-64DFEBA1A76A}"
EndProject
Project("{9A19103F-16F7-4668-BE54-9A1E7A4F7556}") = "Lesson17Abstraction", "Lesson17Abstraction\Lesson17Abstraction.csproj", "{6D39974E-5F9A-437F-82AC-D709511D5922}"
EndProject
Project("{9A19103F-16F7-4668-BE54-9A1E7A4F7556}") = "Lesson17Interfase", "Lesson17Interfase\Lesson17Interfase.csproj", "{060EF977-6B88-46E5-A5F0-D0447135C07E}"
EndProject
Project("{9A19103F-16F7-4668-BE54-9A1E7A4F7556}") = "Lesson18", "Lesson18\Lesson18.csproj", "{BC1AC4C5-ED43-43D0-8715-5BAC50B3AB61}"
EndProject
Project("{9A19103F-16F7-4668-BE54-9A1E7A4F7556}") = "Lesson18FullOop", "Lesson18FullOop\Lesson18FullOop.csproj", "{92913CA9-1109-4040-B502-C304E31CC390}"
EndProject
Project("{9A19103F-16F7-4668-BE54-9A1E7A4F7556}") = "Lesson19Deligate", "Lesson19Deligate\Lesson19Deligate.csproj", "{5AF3DC3C-828E-40C9-A823-29AB07022B6C}"
EndProject
Project("{9A19103F-16F7-4668-BE54-9A1E7A4F7556}") = "WpfLesson19", "WpfLesson19\WpfLesson19.csproj", "{A70767D5-57F7-4F11-98F5-9F55AB15AB80}"
EndProject
Project("{9A19103F-16F7-4668-BE54-9A1E7A4F7556}") = "DeligateHomework", "DeligateHomework\DeligateHomework.csproj", "{99DF6CFA-034E-4E73-A821-90392ADC3007}"
EndProject
Project("{9A19103F-16F7-4668-BE54-9A1E7A4F7556}") = "ReadFiles", "ReadFiles\ReadFiles.csproj", "{29EDA66E-4133-41AB-ADF9-8DB2E018BD9D}"
EndProject
Project("{9A19103F-16F7-4668-BE54-9A1E7A4F7556}") = "Operatoroverloading", "Operatoroverloading\Operatoroverloading.csproj", "{B9AA60E3-0F7E-4A2B-B963-8E82C139526A}"
EndProject
Project("{FAE04EC0-301F-11D3-BF4B-00C04F79EFBC}") = "CalculiatorWpf", "RegistrationFormWpf\CalculiatorWpf.csproj", "{94A92D6C-D2C8-47E8-9F87-F22A151DC5F7}"
EndProject
Project("{FAE04EC0-301F-11D3-BF4B-00C04F79EFBC}") = "RegistrationWpf", "RegistrationWpf\RegistrationWpf.csproj", "{2452C6D3-5066-4F77-9F40-96C028597A2A}"
EndProject
Global
	GlobalSection(SolutionConfigurationPlatforms) = preSolution
		Debug|Any CPU = Debug|Any CPU
		Release|Any CPU = Release|Any CPU
	EndGlobalSection
	GlobalSection(ProjectConfigurationPlatforms) = postSolution
		{159272AE-A12C-4BDC-BE48-4BF05BC70412}.Debug|Any CPU.ActiveCfg = Debug|Any CPU
		{159272AE-A12C-4BDC-BE48-4BF05BC70412}.Debug|Any CPU.Build.0 = Debug|Any CPU
		{159272AE-A12C-4BDC-BE48-4BF05BC70412}.Release|Any CPU.ActiveCfg = Release|Any CPU
		{159272AE-A12C-4BDC-BE48-4BF05BC70412}.Release|Any CPU.Build.0 = Release|Any CPU
		{5B033F4E-4C40-4023-A18B-64DFEBA1A76A}.Debug|Any CPU.ActiveCfg = Debug|Any CPU
		{5B033F4E-4C40-4023-A18B-64DFEBA1A76A}.Debug|Any CPU.Build.0 = Debug|Any CPU
		{5B033F4E-4C40-4023-A18B-64DFEBA1A76A}.Release|Any CPU.ActiveCfg = Release|Any CPU
		{5B033F4E-4C40-4023-A18B-64DFEBA1A76A}.Release|Any CPU.Build.0 = Release|Any CPU
		{6D39974E-5F9A-437F-82AC-D709511D5922}.Debug|Any CPU.ActiveCfg = Debug|Any CPU
		{6D39974E-5F9A-437F-82AC-D709511D5922}.Debug|Any CPU.Build.0 = Debug|Any CPU
		{6D39974E-5F9A-437F-82AC-D709511D5922}.Release|Any CPU.ActiveCfg = Release|Any CPU
		{6D39974E-5F9A-437F-82AC-D709511D5922}.Release|Any CPU.Build.0 = Release|Any CPU
		{060EF977-6B88-46E5-A5F0-D0447135C07E}.Debug|Any CPU.ActiveCfg = Debug|Any CPU
		{060EF977-6B88-46E5-A5F0-D0447135C07E}.Debug|Any CPU.Build.0 = Debug|Any CPU
		{060EF977-6B88-46E5-A5F0-D0447135C07E}.Release|Any CPU.ActiveCfg = Release|Any CPU
		{060EF977-6B88-46E5-A5F0-D0447135C07E}.Release|Any CPU.Build.0 = Release|Any CPU
		{BC1AC4C5-ED43-43D0-8715-5BAC50B3AB61}.Debug|Any CPU.ActiveCfg = Debug|Any CPU
		{BC1AC4C5-ED43-43D0-8715-5BAC50B3AB61}.Debug|Any CPU.Build.0 = Debug|Any CPU
		{BC1AC4C5-ED43-43D0-8715-5BAC50B3AB61}.Release|Any CPU.ActiveCfg = Release|Any CPU
		{BC1AC4C5-ED43-43D0-8715-5BAC50B3AB61}.Release|Any CPU.Build.0 = Release|Any CPU
		{92913CA9-1109-4040-B502-C304E31CC390}.Debug|Any CPU.ActiveCfg = Debug|Any CPU
		{92913CA9-1109-4040-B502-C304E31CC390}.Debug|Any CPU.Build.0 = Debug|Any CPU
		{92913CA9-1109-4040-B502-C304E31CC390}.Release|Any CPU.ActiveCfg = Release|Any CPU
		{92913CA9-1109-4040-B502-C304E31CC390}.Release|Any CPU.Build.0 = Release|Any CPU
		{5AF3DC3C-828E-40C9-A823-29AB07022B6C}.Debug|Any CPU.ActiveCfg = Debug|Any CPU
		{5AF3DC3C-828E-40C9-A823-29AB07022B6C}.Debug|Any CPU.Build.0 = Debug|Any CPU
		{5AF3DC3C-828E-40C9-A823-29AB07022B6C}.Release|Any CPU.ActiveCfg = Release|Any CPU
		{5AF3DC3C-828E-40C9-A823-29AB07022B6C}.Release|Any CPU.Build.0 = Release|Any CPU
		{A70767D5-57F7-4F11-98F5-9F55AB15AB80}.Debug|Any CPU.ActiveCfg = Debug|Any CPU
		{A70767D5-57F7-4F11-98F5-9F55AB15AB80}.Debug|Any CPU.Build.0 = Debug|Any CPU
		{A70767D5-57F7-4F11-98F5-9F55AB15AB80}.Release|Any CPU.ActiveCfg = Release|Any CPU
		{A70767D5-57F7-4F11-98F5-9F55AB15AB80}.Release|Any CPU.Build.0 = Release|Any CPU
		{99DF6CFA-034E-4E73-A821-90392ADC3007}.Debug|Any CPU.ActiveCfg = Debug|Any CPU
		{99DF6CFA-034E-4E73-A821-90392ADC3007}.Debug|Any CPU.Build.0 = Debug|Any CPU
		{99DF6CFA-034E-4E73-A821-90392ADC3007}.Release|Any CPU.ActiveCfg = Release|Any CPU
		{99DF6CFA-034E-4E73-A821-90392ADC3007}.Release|Any CPU.Build.0 = Release|Any CPU
		{29EDA66E-4133-41AB-ADF9-8DB2E018BD9D}.Debug|Any CPU.ActiveCfg = Debug|Any CPU
		{29EDA66E-4133-41AB-ADF9-8DB2E018BD9D}.Debug|Any CPU.Build.0 = Debug|Any CPU
		{29EDA66E-4133-41AB-ADF9-8DB2E018BD9D}.Release|Any CPU.ActiveCfg = Release|Any CPU
		{29EDA66E-4133-41AB-ADF9-8DB2E018BD9D}.Release|Any CPU.Build.0 = Release|Any CPU
		{B9AA60E3-0F7E-4A2B-B963-8E82C139526A}.Debug|Any CPU.ActiveCfg = Debug|Any CPU
		{B9AA60E3-0F7E-4A2B-B963-8E82C139526A}.Debug|Any CPU.Build.0 = Debug|Any CPU
		{B9AA60E3-0F7E-4A2B-B963-8E82C139526A}.Release|Any CPU.ActiveCfg = Release|Any CPU
		{B9AA60E3-0F7E-4A2B-B963-8E82C139526A}.Release|Any CPU.Build.0 = Release|Any CPU
		{94A92D6C-D2C8-47E8-9F87-F22A151DC5F7}.Debug|Any CPU.ActiveCfg = Debug|Any CPU
		{94A92D6C-D2C8-47E8-9F87-F22A151DC5F7}.Debug|Any CPU.Build.0 = Debug|Any CPU
		{94A92D6C-D2C8-47E8-9F87-F22A151DC5F7}.Release|Any CPU.ActiveCfg = Release|Any CPU
		{94A92D6C-D2C8-47E8-9F87-F22A151DC5F7}.Release|Any CPU.Build.0 = Release|Any CPU
		{2452C6D3-5066-4F77-9F40-96C028597A2A}.Debug|Any CPU.ActiveCfg = Debug|Any CPU
		{2452C6D3-5066-4F77-9F40-96C028597A2A}.Debug|Any CPU.Build.0 = Debug|Any CPU
		{2452C6D3-5066-4F77-9F40-96C028597A2A}.Release|Any CPU.ActiveCfg = Release|Any CPU
		{2452C6D3-5066-4F77-9F40-96C028597A2A}.Release|Any CPU.Build.0 = Release|Any CPU
	EndGlobalSection
	GlobalSection(SolutionProperties) = preSolution
		HideSolutionNode = FALSE
	EndGlobalSection
	GlobalSection(ExtensibilityGlobals) = postSolution
		SolutionGuid = {D43354FC-7A61-4E1D-B9B8-7B2150F9BBAF}
	EndGlobalSection
EndGlobal
